
Microsoft Visual Studio Solution File, Format Version 12.00
# Visual Studio 15
VisualStudioVersion = 15.0.28307.136
MinimumVisualStudioVersion = 10.0.40219.1
Project("{8BC9CEB8-8B4A-11D0-8D11-00A0C91BC942}") = "1_01exercise_stuctrure", "1_1example\1_1example.vcxproj", "{881ED05E-F158-42FA-BFC8-91BF4980A7D2}"
EndProject
Project("{8BC9CEB8-8B4A-11D0-8D11-00A0C91BC942}") = "1_02exercise_comment", "1_2example\1_2example.vcxproj", "{C26270B0-CAF7-4525-822E-511802023714}"
EndProject
Project("{8BC9CEB8-8B4A-11D0-8D11-00A0C91BC942}") = "1_03exercise_values", "1_3example\1_3example.vcxproj", "{FBB2D53E-1798-43C7-A9C8-0EE32DB810D3}"
EndProject
Project("{8BC9CEB8-8B4A-11D0-8D11-00A0C91BC942}") = "0_01exercise_Hellow_world", "0_1examlpe_Hellow_world\0_1examlpe_Hellow_world.vcxproj", "{D0B1CD07-B261-402B-B6C9-5C5438256FF2}"
EndProject
Project("{8BC9CEB8-8B4A-11D0-8D11-00A0C91BC942}") = "0_02exercise_TBCpp_study", "0_2exercise_TBCpp_study\0_2exercise_TBCpp_study.vcxproj", "{DD8D72A4-6255-4CE3-A192-9C132E3FB9FC}"
EndProject
Project("{8BC9CEB8-8B4A-11D0-8D11-00A0C91BC942}") = "1_04exercise_iostream", "1_4exercise_iostream\1_4exercise_iostream.vcxproj", "{4EAF6912-AF87-4A6C-A6B7-D25A4E0530A1}"
EndProject
Project("{8BC9CEB8-8B4A-11D0-8D11-00A0C91BC942}") = "1_05exercise_fuction", "1_5exercise_fuction\1_5exercise_fuction.vcxproj", "{A2CDB913-276D-493F-A0A7-984FE25689F0}"
EndProject
Project("{8BC9CEB8-8B4A-11D0-8D11-00A0C91BC942}") = "1_06exercise_Naming", "1_6exercise_Naming\1_6exercise_Naming.vcxproj", "{5694CB98-4E72-4C20-BD13-DCEC22136B7B}"
EndProject
Project("{8BC9CEB8-8B4A-11D0-8D11-00A0C91BC942}") = "1_07exercise_Localscope", "1_7exercise_Localscope\1_7exercise_Localscope.vcxproj", "{5DB4E6EE-F4AD-4ED3-8B9B-E08C214E756A}"
EndProject
Project("{8BC9CEB8-8B4A-11D0-8D11-00A0C91BC942}") = "1_08exercise_Operators", "1_8exercise_Operators\1_8exercise_Operators.vcxproj", "{99BCBC77-8036-4076-8A8D-88A3294FC8C9}"
EndProject
Project("{8BC9CEB8-8B4A-11D0-8D11-00A0C91BC942}") = "1_09exercise_Fomatting", "1_9exercise_Fomatting\1_9exercise_Fomatting.vcxproj", "{F4771AA9-70A4-4658-89A7-029DEDA53CA8}"
EndProject
Project("{8BC9CEB8-8B4A-11D0-8D11-00A0C91BC942}") = "1_10exercise_Declaration_Definition", "1_10exercise_Declaration_Definition\1_10exercise_Declaration_Definition.vcxproj", "{6A623DD0-3876-471D-8D9F-0FF85C7CDF6F}"
EndProject
Project("{8BC9CEB8-8B4A-11D0-8D11-00A0C91BC942}") = "1_11exercise_Header", "1_11exercise_Header\1_11exercise_Header.vcxproj", "{E392D19E-EE9B-4CC2-BFC9-90209AF9D642}"
EndProject
Project("{8BC9CEB8-8B4A-11D0-8D11-00A0C91BC942}") = "1_12exercise_HeaderGard", "1_12exercise_HeaderGard\1_12exercise_HeaderGard.vcxproj", "{0BA2678B-02A2-475D-9268-31F2FF09B509}"
EndProject
Project("{8BC9CEB8-8B4A-11D0-8D11-00A0C91BC942}") = "1_13exercise_Namespace", "1_13exercise_Namespace\1_13exercise_Namespace.vcxproj", "{016FF0B4-DB93-4A25-8907-5C8A3A6B2750}"
EndProject
Project("{8BC9CEB8-8B4A-11D0-8D11-00A0C91BC942}") = "1_14exercise_Preprocessor", "1_14exercise_Preprocessor\1_14exercise_Preprocessor.vcxproj", "{75BC59DF-33EE-43D9-A65F-147428F97D4E}"
EndProject
Project("{8BC9CEB8-8B4A-11D0-8D11-00A0C91BC942}") = "2_01exercise_BasicDataTypes", "2_01exercise_BasicDataTypes\2_01exercise_BasicDataTypes.vcxproj", "{0C9789AC-99E9-4AEE-8FB9-B297563B4FAE}"
EndProject
Project("{8BC9CEB8-8B4A-11D0-8D11-00A0C91BC942}") = "2_02exercise_Interger", "2_02exercise_Interger\2_02exercise_Interger.vcxproj", "{ADBBBE9C-B955-40FE-9858-CF247A020B94}"
EndProject
Project("{8BC9CEB8-8B4A-11D0-8D11-00A0C91BC942}") = "2_03exercise_FixedWidthInteger", "2_03exercise_FixedWidthInteger\2_03exercise_FixedWidthInteger.vcxproj", "{5FFD5EA8-4A80-4660-A172-825A8587C3C5}"
EndProject
Project("{8BC9CEB8-8B4A-11D0-8D11-00A0C91BC942}") = "2_04exercise_Void", "2_04exercise_Void\2_04exercise_Void.vcxproj", "{7DE13E3C-54A4-4B68-96B9-F0CD05F4A22E}"
EndProject
Project("{8BC9CEB8-8B4A-11D0-8D11-00A0C91BC942}") = "2_05exercise_FloatingPointNumbers", "2_05exercise_FloatingPointNumbers\2_05exercise_FloatingPointNumbers.vcxproj", "{52960969-0787-4465-8089-753C3738A4B6}"
EndProject
Project("{8BC9CEB8-8B4A-11D0-8D11-00A0C91BC942}") = "2_06exercise_Bool_If", "2_06exercise_Bool_If\2_06exercise_Bool_If.vcxproj", "{008F7324-87ED-4392-A082-9C3E3FB8E251}"
EndProject
Project("{8BC9CEB8-8B4A-11D0-8D11-00A0C91BC942}") = "2_07exercise_Char", "2_07exercise_Char\2_07exercise_Char.vcxproj", "{C7EC089E-EB86-4A6D-92E8-FBF55C5EE61D}"
EndProject
Project("{8BC9CEB8-8B4A-11D0-8D11-00A0C91BC942}") = "2_08exercise_LiteralConstants", "2_08exercise_LiteralConstants\2_08exercise_LiteralConstants.vcxproj", "{15FFD986-97C5-487A-A47A-C8C203CB97D1}"
EndProject
Project("{8BC9CEB8-8B4A-11D0-8D11-00A0C91BC942}") = "2_09exercise_SymbolicConstants", "2_09exercise_SymbolicConstants\2_09exercise_SymbolicConstants.vcxproj", "{1C366C08-6619-4017-853A-618F40AD7737}"
EndProject
Project("{8BC9CEB8-8B4A-11D0-8D11-00A0C91BC942}") = "3_01exercise_ORprecedence_associativity", "3_01exercise_ORprecedence_association\3_01exercise_ORprecedence_association.vcxproj", "{1DFD3ADD-E0BA-4E94-BBF8-EBAA3B5C58D3}"
EndProject
Project("{8BC9CEB8-8B4A-11D0-8D11-00A0C91BC942}") = "3_02exercise_ArithmathicOR", "3_02exercise_ArithmathicOR\3_02exercise_ArithmathicOR.vcxproj", "{FE6E7DE3-3880-44E4-941A-C1682D15C891}"
EndProject
Project("{8BC9CEB8-8B4A-11D0-8D11-00A0C91BC942}") = "3_03exercise_IncrementDecrement", "3_03exercise_IncrementDecrement\3_03exercise_IncrementDecrement.vcxproj", "{F2B1A553-1357-4EFA-8D88-AC5311A22651}"
EndProject
Project("{8BC9CEB8-8B4A-11D0-8D11-00A0C91BC942}") = "3_04exercise_ConditionalOR", "3_04exercise_ConditionalOR\3_04exercise_ConditionalOR.vcxproj", "{DD59040E-BDE2-4461-92C7-37E9C11D9023}"
EndProject
Project("{8BC9CEB8-8B4A-11D0-8D11-00A0C91BC942}") = "3_05excercise_RelationalOperator", "3_05excercise_RelationalOperator\3_05excercise_RelationalOperator.vcxproj", "{63CED50F-C5EA-4A62-A522-5732FEBF0912}"
EndProject
Project("{8BC9CEB8-8B4A-11D0-8D11-00A0C91BC942}") = "3_06excercise_LogicalOR", "3_06excercise_LogicalOR\3_06excercise_LogicalOR.vcxproj", "{B9E4C4B9-9CE2-4B3B-86D9-724818472BC1}"
EndProject
Project("{8BC9CEB8-8B4A-11D0-8D11-00A0C91BC942}") = "3_07excercise_BinaryNumbers", "3_07excercise_BinaryNumbers\3_07excercise_BinaryNumbers.vcxproj", "{F2722B94-F50A-4660-962C-C34500C91A7F}"
EndProject
Project("{8BC9CEB8-8B4A-11D0-8D11-00A0C91BC942}") = "3_08excercise_BitwiseOR", "3_08excercise_BitwiseOR\3_08excercise_BitwiseOR.vcxproj", "{88E19F07-CCAE-42D5-8A1D-0984D6E78309}"
EndProject
Project("{8BC9CEB8-8B4A-11D0-8D11-00A0C91BC942}") = "3_09exercise_bitFlag", "3_09exercise_bitFlag\3_09exercise_bitFlag.vcxproj", "{951C106F-9815-4169-B33C-0F94D3898E33}"
EndProject
Project("{8BC9CEB8-8B4A-11D0-8D11-00A0C91BC942}") = "4_01exercise_variableScopeDuration", "4_01exercise_variableScopeDuration\4_01exercise_variableScopeDuration.vcxproj", "{918F2635-6979-492A-8F24-D59FC8B244EE}"
EndProject
Project("{8BC9CEB8-8B4A-11D0-8D11-00A0C91BC942}") = "4_02exercise_GlobalvariableStaticvariable_InternalLinkageExternalLink", "4_02exercise_GlobalvariableStaticvariable_InternalLinkageExternalLink\4_02exercise_GlobalvariableStaticvariable_InternalLinkageExternalLink.vcxproj", "{A1D09958-2981-40D8-B20B-0CF7D0C04285}"
EndProject
Project("{8BC9CEB8-8B4A-11D0-8D11-00A0C91BC942}") = "4_03exercise_Using_ambiguity", "4_03exercise_Using_ambiguity\4_03exercise_Using_ambiguity.vcxproj", "{AE918504-1E40-4568-9D70-F457FFB95E75}"
EndProject
Project("{8BC9CEB8-8B4A-11D0-8D11-00A0C91BC942}") = "4_04exercise_AutoTypeInference", "4_04exercise_AutoTypeInference\4_04exercise_AutoTypeInference.vcxproj", "{A895FE67-7F0B-4447-BAAE-3A663C20BF5A}"
EndProject
Project("{8BC9CEB8-8B4A-11D0-8D11-00A0C91BC942}") = "4_05exercise_Conversion", "4_05exercise_Conversion\4_05exercise_Conversion.vcxproj", "{4A7C8F44-FAB8-4F54-9453-6922321147F5}"
EndProject
Project("{8BC9CEB8-8B4A-11D0-8D11-00A0C91BC942}") = "4_06exercise_str", "4_06exercise_str\4_06exercise_str.vcxproj", "{8BE342A0-2240-4292-A84C-FA26FE3FC1A5}"
EndProject
Project("{8BC9CEB8-8B4A-11D0-8D11-00A0C91BC942}") = "4_07exercise_EnumeratedType", "4_07exercise_EnumeratedType\4_07exercise_EnumeratedType.vcxproj", "{9B39A6B7-13B2-4180-8B7B-7C33A88DCCD2}"
EndProject
Project("{8BC9CEB8-8B4A-11D0-8D11-00A0C91BC942}") = "4_08exercise_ScopedEnumeration", "4_08exercise_ScopedEnumeration\4_08exercise_ScopedEnumeration.vcxproj", "{16E7CF19-8060-4E49-B8C0-F71F45371E9A}"
EndProject
Project("{8BC9CEB8-8B4A-11D0-8D11-00A0C91BC942}") = "4_09exercise_TypeAliases", "4_09exercise_TypeAliases\4_09exercise_TypeAliases.vcxproj", "{FE1024F4-062B-4541-A3DE-3076301BA957}"
EndProject
Project("{8BC9CEB8-8B4A-11D0-8D11-00A0C91BC942}") = "4_10exercise_Struct", "4_10exercise_Struct\4_10exercise_Struct.vcxproj", "{F086728D-07E3-4949-9210-F082AC54CB47}"
EndProject
Project("{8BC9CEB8-8B4A-11D0-8D11-00A0C91BC942}") = "5_01exercise_Controlflow", "5_01exercise_Controlflow\5_01exercise_Controlflow.vcxproj", "{58D697BC-DE80-45AE-A8FA-33D58211A94C}"
EndProject
Project("{8BC9CEB8-8B4A-11D0-8D11-00A0C91BC942}") = "5_02exercise_If", "5_02exercise_If\5_02exercise_If.vcxproj", "{08595961-C85D-4170-A28D-B4AA945BFE5E}"
EndProject
Project("{8BC9CEB8-8B4A-11D0-8D11-00A0C91BC942}") = "5_03exercise_SwitchCase", "5_03exercise_SwitchCase\5_03exercise_SwitchCase.vcxproj", "{1CC1C992-AB21-4E19-858B-29AE84614D79}"
EndProject
Project("{8BC9CEB8-8B4A-11D0-8D11-00A0C91BC942}") = "5_04exercise_Goto", "5_04exercise_Goto\5_04exercise_Goto.vcxproj", "{72431FA5-FE97-4014-9978-095E68BE54E0}"
EndProject
Project("{8BC9CEB8-8B4A-11D0-8D11-00A0C91BC942}") = "5_05exercise_While", "5_05exercise_While\5_05exercise_While.vcxproj", "{1278FD0B-5D93-480F-B072-ED736634E864}"
EndProject
Global
	GlobalSection(SolutionConfigurationPlatforms) = preSolution
		Debug|x64 = Debug|x64
		Debug|x86 = Debug|x86
		Release|x64 = Release|x64
		Release|x86 = Release|x86
	EndGlobalSection
	GlobalSection(ProjectConfigurationPlatforms) = postSolution
		{881ED05E-F158-42FA-BFC8-91BF4980A7D2}.Debug|x64.ActiveCfg = Debug|x64
		{881ED05E-F158-42FA-BFC8-91BF4980A7D2}.Debug|x64.Build.0 = Debug|x64
		{881ED05E-F158-42FA-BFC8-91BF4980A7D2}.Debug|x86.ActiveCfg = Debug|Win32
		{881ED05E-F158-42FA-BFC8-91BF4980A7D2}.Debug|x86.Build.0 = Debug|Win32
		{881ED05E-F158-42FA-BFC8-91BF4980A7D2}.Release|x64.ActiveCfg = Release|x64
		{881ED05E-F158-42FA-BFC8-91BF4980A7D2}.Release|x64.Build.0 = Release|x64
		{881ED05E-F158-42FA-BFC8-91BF4980A7D2}.Release|x86.ActiveCfg = Release|Win32
		{881ED05E-F158-42FA-BFC8-91BF4980A7D2}.Release|x86.Build.0 = Release|Win32
		{C26270B0-CAF7-4525-822E-511802023714}.Debug|x64.ActiveCfg = Debug|x64
		{C26270B0-CAF7-4525-822E-511802023714}.Debug|x64.Build.0 = Debug|x64
		{C26270B0-CAF7-4525-822E-511802023714}.Debug|x86.ActiveCfg = Debug|Win32
		{C26270B0-CAF7-4525-822E-511802023714}.Debug|x86.Build.0 = Debug|Win32
		{C26270B0-CAF7-4525-822E-511802023714}.Release|x64.ActiveCfg = Release|x64
		{C26270B0-CAF7-4525-822E-511802023714}.Release|x64.Build.0 = Release|x64
		{C26270B0-CAF7-4525-822E-511802023714}.Release|x86.ActiveCfg = Release|Win32
		{C26270B0-CAF7-4525-822E-511802023714}.Release|x86.Build.0 = Release|Win32
		{FBB2D53E-1798-43C7-A9C8-0EE32DB810D3}.Debug|x64.ActiveCfg = Debug|x64
		{FBB2D53E-1798-43C7-A9C8-0EE32DB810D3}.Debug|x64.Build.0 = Debug|x64
		{FBB2D53E-1798-43C7-A9C8-0EE32DB810D3}.Debug|x86.ActiveCfg = Debug|Win32
		{FBB2D53E-1798-43C7-A9C8-0EE32DB810D3}.Debug|x86.Build.0 = Debug|Win32
		{FBB2D53E-1798-43C7-A9C8-0EE32DB810D3}.Release|x64.ActiveCfg = Release|x64
		{FBB2D53E-1798-43C7-A9C8-0EE32DB810D3}.Release|x64.Build.0 = Release|x64
		{FBB2D53E-1798-43C7-A9C8-0EE32DB810D3}.Release|x86.ActiveCfg = Release|Win32
		{FBB2D53E-1798-43C7-A9C8-0EE32DB810D3}.Release|x86.Build.0 = Release|Win32
		{D0B1CD07-B261-402B-B6C9-5C5438256FF2}.Debug|x64.ActiveCfg = Debug|x64
		{D0B1CD07-B261-402B-B6C9-5C5438256FF2}.Debug|x64.Build.0 = Debug|x64
		{D0B1CD07-B261-402B-B6C9-5C5438256FF2}.Debug|x86.ActiveCfg = Debug|Win32
		{D0B1CD07-B261-402B-B6C9-5C5438256FF2}.Debug|x86.Build.0 = Debug|Win32
		{D0B1CD07-B261-402B-B6C9-5C5438256FF2}.Release|x64.ActiveCfg = Release|x64
		{D0B1CD07-B261-402B-B6C9-5C5438256FF2}.Release|x64.Build.0 = Release|x64
		{D0B1CD07-B261-402B-B6C9-5C5438256FF2}.Release|x86.ActiveCfg = Release|Win32
		{D0B1CD07-B261-402B-B6C9-5C5438256FF2}.Release|x86.Build.0 = Release|Win32
		{DD8D72A4-6255-4CE3-A192-9C132E3FB9FC}.Debug|x64.ActiveCfg = Debug|x64
		{DD8D72A4-6255-4CE3-A192-9C132E3FB9FC}.Debug|x64.Build.0 = Debug|x64
		{DD8D72A4-6255-4CE3-A192-9C132E3FB9FC}.Debug|x86.ActiveCfg = Debug|Win32
		{DD8D72A4-6255-4CE3-A192-9C132E3FB9FC}.Debug|x86.Build.0 = Debug|Win32
		{DD8D72A4-6255-4CE3-A192-9C132E3FB9FC}.Release|x64.ActiveCfg = Release|x64
		{DD8D72A4-6255-4CE3-A192-9C132E3FB9FC}.Release|x64.Build.0 = Release|x64
		{DD8D72A4-6255-4CE3-A192-9C132E3FB9FC}.Release|x86.ActiveCfg = Release|Win32
		{DD8D72A4-6255-4CE3-A192-9C132E3FB9FC}.Release|x86.Build.0 = Release|Win32
		{4EAF6912-AF87-4A6C-A6B7-D25A4E0530A1}.Debug|x64.ActiveCfg = Debug|x64
		{4EAF6912-AF87-4A6C-A6B7-D25A4E0530A1}.Debug|x64.Build.0 = Debug|x64
		{4EAF6912-AF87-4A6C-A6B7-D25A4E0530A1}.Debug|x86.ActiveCfg = Debug|Win32
		{4EAF6912-AF87-4A6C-A6B7-D25A4E0530A1}.Debug|x86.Build.0 = Debug|Win32
		{4EAF6912-AF87-4A6C-A6B7-D25A4E0530A1}.Release|x64.ActiveCfg = Release|x64
		{4EAF6912-AF87-4A6C-A6B7-D25A4E0530A1}.Release|x64.Build.0 = Release|x64
		{4EAF6912-AF87-4A6C-A6B7-D25A4E0530A1}.Release|x86.ActiveCfg = Release|Win32
		{4EAF6912-AF87-4A6C-A6B7-D25A4E0530A1}.Release|x86.Build.0 = Release|Win32
		{A2CDB913-276D-493F-A0A7-984FE25689F0}.Debug|x64.ActiveCfg = Debug|x64
		{A2CDB913-276D-493F-A0A7-984FE25689F0}.Debug|x64.Build.0 = Debug|x64
		{A2CDB913-276D-493F-A0A7-984FE25689F0}.Debug|x86.ActiveCfg = Debug|Win32
		{A2CDB913-276D-493F-A0A7-984FE25689F0}.Debug|x86.Build.0 = Debug|Win32
		{A2CDB913-276D-493F-A0A7-984FE25689F0}.Release|x64.ActiveCfg = Release|x64
		{A2CDB913-276D-493F-A0A7-984FE25689F0}.Release|x64.Build.0 = Release|x64
		{A2CDB913-276D-493F-A0A7-984FE25689F0}.Release|x86.ActiveCfg = Release|Win32
		{A2CDB913-276D-493F-A0A7-984FE25689F0}.Release|x86.Build.0 = Release|Win32
		{5694CB98-4E72-4C20-BD13-DCEC22136B7B}.Debug|x64.ActiveCfg = Debug|x64
		{5694CB98-4E72-4C20-BD13-DCEC22136B7B}.Debug|x64.Build.0 = Debug|x64
		{5694CB98-4E72-4C20-BD13-DCEC22136B7B}.Debug|x86.ActiveCfg = Debug|Win32
		{5694CB98-4E72-4C20-BD13-DCEC22136B7B}.Debug|x86.Build.0 = Debug|Win32
		{5694CB98-4E72-4C20-BD13-DCEC22136B7B}.Release|x64.ActiveCfg = Release|x64
		{5694CB98-4E72-4C20-BD13-DCEC22136B7B}.Release|x64.Build.0 = Release|x64
		{5694CB98-4E72-4C20-BD13-DCEC22136B7B}.Release|x86.ActiveCfg = Release|Win32
		{5694CB98-4E72-4C20-BD13-DCEC22136B7B}.Release|x86.Build.0 = Release|Win32
		{5DB4E6EE-F4AD-4ED3-8B9B-E08C214E756A}.Debug|x64.ActiveCfg = Debug|x64
		{5DB4E6EE-F4AD-4ED3-8B9B-E08C214E756A}.Debug|x64.Build.0 = Debug|x64
		{5DB4E6EE-F4AD-4ED3-8B9B-E08C214E756A}.Debug|x86.ActiveCfg = Debug|Win32
		{5DB4E6EE-F4AD-4ED3-8B9B-E08C214E756A}.Debug|x86.Build.0 = Debug|Win32
		{5DB4E6EE-F4AD-4ED3-8B9B-E08C214E756A}.Release|x64.ActiveCfg = Release|x64
		{5DB4E6EE-F4AD-4ED3-8B9B-E08C214E756A}.Release|x64.Build.0 = Release|x64
		{5DB4E6EE-F4AD-4ED3-8B9B-E08C214E756A}.Release|x86.ActiveCfg = Release|Win32
		{5DB4E6EE-F4AD-4ED3-8B9B-E08C214E756A}.Release|x86.Build.0 = Release|Win32
		{99BCBC77-8036-4076-8A8D-88A3294FC8C9}.Debug|x64.ActiveCfg = Debug|x64
		{99BCBC77-8036-4076-8A8D-88A3294FC8C9}.Debug|x64.Build.0 = Debug|x64
		{99BCBC77-8036-4076-8A8D-88A3294FC8C9}.Debug|x86.ActiveCfg = Debug|Win32
		{99BCBC77-8036-4076-8A8D-88A3294FC8C9}.Debug|x86.Build.0 = Debug|Win32
		{99BCBC77-8036-4076-8A8D-88A3294FC8C9}.Release|x64.ActiveCfg = Release|x64
		{99BCBC77-8036-4076-8A8D-88A3294FC8C9}.Release|x64.Build.0 = Release|x64
		{99BCBC77-8036-4076-8A8D-88A3294FC8C9}.Release|x86.ActiveCfg = Release|Win32
		{99BCBC77-8036-4076-8A8D-88A3294FC8C9}.Release|x86.Build.0 = Release|Win32
		{F4771AA9-70A4-4658-89A7-029DEDA53CA8}.Debug|x64.ActiveCfg = Debug|x64
		{F4771AA9-70A4-4658-89A7-029DEDA53CA8}.Debug|x64.Build.0 = Debug|x64
		{F4771AA9-70A4-4658-89A7-029DEDA53CA8}.Debug|x86.ActiveCfg = Debug|Win32
		{F4771AA9-70A4-4658-89A7-029DEDA53CA8}.Debug|x86.Build.0 = Debug|Win32
		{F4771AA9-70A4-4658-89A7-029DEDA53CA8}.Release|x64.ActiveCfg = Release|x64
		{F4771AA9-70A4-4658-89A7-029DEDA53CA8}.Release|x64.Build.0 = Release|x64
		{F4771AA9-70A4-4658-89A7-029DEDA53CA8}.Release|x86.ActiveCfg = Release|Win32
		{F4771AA9-70A4-4658-89A7-029DEDA53CA8}.Release|x86.Build.0 = Release|Win32
		{6A623DD0-3876-471D-8D9F-0FF85C7CDF6F}.Debug|x64.ActiveCfg = Debug|x64
		{6A623DD0-3876-471D-8D9F-0FF85C7CDF6F}.Debug|x64.Build.0 = Debug|x64
		{6A623DD0-3876-471D-8D9F-0FF85C7CDF6F}.Debug|x86.ActiveCfg = Debug|Win32
		{6A623DD0-3876-471D-8D9F-0FF85C7CDF6F}.Debug|x86.Build.0 = Debug|Win32
		{6A623DD0-3876-471D-8D9F-0FF85C7CDF6F}.Release|x64.ActiveCfg = Release|x64
		{6A623DD0-3876-471D-8D9F-0FF85C7CDF6F}.Release|x64.Build.0 = Release|x64
		{6A623DD0-3876-471D-8D9F-0FF85C7CDF6F}.Release|x86.ActiveCfg = Release|Win32
		{6A623DD0-3876-471D-8D9F-0FF85C7CDF6F}.Release|x86.Build.0 = Release|Win32
		{E392D19E-EE9B-4CC2-BFC9-90209AF9D642}.Debug|x64.ActiveCfg = Debug|x64
		{E392D19E-EE9B-4CC2-BFC9-90209AF9D642}.Debug|x64.Build.0 = Debug|x64
		{E392D19E-EE9B-4CC2-BFC9-90209AF9D642}.Debug|x86.ActiveCfg = Debug|Win32
		{E392D19E-EE9B-4CC2-BFC9-90209AF9D642}.Debug|x86.Build.0 = Debug|Win32
		{E392D19E-EE9B-4CC2-BFC9-90209AF9D642}.Release|x64.ActiveCfg = Release|x64
		{E392D19E-EE9B-4CC2-BFC9-90209AF9D642}.Release|x64.Build.0 = Release|x64
		{E392D19E-EE9B-4CC2-BFC9-90209AF9D642}.Release|x86.ActiveCfg = Release|Win32
		{E392D19E-EE9B-4CC2-BFC9-90209AF9D642}.Release|x86.Build.0 = Release|Win32
		{0BA2678B-02A2-475D-9268-31F2FF09B509}.Debug|x64.ActiveCfg = Debug|x64
		{0BA2678B-02A2-475D-9268-31F2FF09B509}.Debug|x64.Build.0 = Debug|x64
		{0BA2678B-02A2-475D-9268-31F2FF09B509}.Debug|x86.ActiveCfg = Debug|Win32
		{0BA2678B-02A2-475D-9268-31F2FF09B509}.Debug|x86.Build.0 = Debug|Win32
		{0BA2678B-02A2-475D-9268-31F2FF09B509}.Release|x64.ActiveCfg = Release|x64
		{0BA2678B-02A2-475D-9268-31F2FF09B509}.Release|x64.Build.0 = Release|x64
		{0BA2678B-02A2-475D-9268-31F2FF09B509}.Release|x86.ActiveCfg = Release|Win32
		{0BA2678B-02A2-475D-9268-31F2FF09B509}.Release|x86.Build.0 = Release|Win32
		{016FF0B4-DB93-4A25-8907-5C8A3A6B2750}.Debug|x64.ActiveCfg = Debug|x64
		{016FF0B4-DB93-4A25-8907-5C8A3A6B2750}.Debug|x64.Build.0 = Debug|x64
		{016FF0B4-DB93-4A25-8907-5C8A3A6B2750}.Debug|x86.ActiveCfg = Debug|Win32
		{016FF0B4-DB93-4A25-8907-5C8A3A6B2750}.Debug|x86.Build.0 = Debug|Win32
		{016FF0B4-DB93-4A25-8907-5C8A3A6B2750}.Release|x64.ActiveCfg = Release|x64
		{016FF0B4-DB93-4A25-8907-5C8A3A6B2750}.Release|x64.Build.0 = Release|x64
		{016FF0B4-DB93-4A25-8907-5C8A3A6B2750}.Release|x86.ActiveCfg = Release|Win32
		{016FF0B4-DB93-4A25-8907-5C8A3A6B2750}.Release|x86.Build.0 = Release|Win32
		{75BC59DF-33EE-43D9-A65F-147428F97D4E}.Debug|x64.ActiveCfg = Debug|x64
		{75BC59DF-33EE-43D9-A65F-147428F97D4E}.Debug|x64.Build.0 = Debug|x64
		{75BC59DF-33EE-43D9-A65F-147428F97D4E}.Debug|x86.ActiveCfg = Debug|Win32
		{75BC59DF-33EE-43D9-A65F-147428F97D4E}.Debug|x86.Build.0 = Debug|Win32
		{75BC59DF-33EE-43D9-A65F-147428F97D4E}.Release|x64.ActiveCfg = Release|x64
		{75BC59DF-33EE-43D9-A65F-147428F97D4E}.Release|x64.Build.0 = Release|x64
		{75BC59DF-33EE-43D9-A65F-147428F97D4E}.Release|x86.ActiveCfg = Release|Win32
		{75BC59DF-33EE-43D9-A65F-147428F97D4E}.Release|x86.Build.0 = Release|Win32
		{0C9789AC-99E9-4AEE-8FB9-B297563B4FAE}.Debug|x64.ActiveCfg = Debug|x64
		{0C9789AC-99E9-4AEE-8FB9-B297563B4FAE}.Debug|x64.Build.0 = Debug|x64
		{0C9789AC-99E9-4AEE-8FB9-B297563B4FAE}.Debug|x86.ActiveCfg = Debug|Win32
		{0C9789AC-99E9-4AEE-8FB9-B297563B4FAE}.Debug|x86.Build.0 = Debug|Win32
		{0C9789AC-99E9-4AEE-8FB9-B297563B4FAE}.Release|x64.ActiveCfg = Release|x64
		{0C9789AC-99E9-4AEE-8FB9-B297563B4FAE}.Release|x64.Build.0 = Release|x64
		{0C9789AC-99E9-4AEE-8FB9-B297563B4FAE}.Release|x86.ActiveCfg = Release|Win32
		{0C9789AC-99E9-4AEE-8FB9-B297563B4FAE}.Release|x86.Build.0 = Release|Win32
		{ADBBBE9C-B955-40FE-9858-CF247A020B94}.Debug|x64.ActiveCfg = Debug|x64
		{ADBBBE9C-B955-40FE-9858-CF247A020B94}.Debug|x64.Build.0 = Debug|x64
		{ADBBBE9C-B955-40FE-9858-CF247A020B94}.Debug|x86.ActiveCfg = Debug|Win32
		{ADBBBE9C-B955-40FE-9858-CF247A020B94}.Debug|x86.Build.0 = Debug|Win32
		{ADBBBE9C-B955-40FE-9858-CF247A020B94}.Release|x64.ActiveCfg = Release|x64
		{ADBBBE9C-B955-40FE-9858-CF247A020B94}.Release|x64.Build.0 = Release|x64
		{ADBBBE9C-B955-40FE-9858-CF247A020B94}.Release|x86.ActiveCfg = Release|Win32
		{ADBBBE9C-B955-40FE-9858-CF247A020B94}.Release|x86.Build.0 = Release|Win32
		{5FFD5EA8-4A80-4660-A172-825A8587C3C5}.Debug|x64.ActiveCfg = Debug|x64
		{5FFD5EA8-4A80-4660-A172-825A8587C3C5}.Debug|x64.Build.0 = Debug|x64
		{5FFD5EA8-4A80-4660-A172-825A8587C3C5}.Debug|x86.ActiveCfg = Debug|Win32
		{5FFD5EA8-4A80-4660-A172-825A8587C3C5}.Debug|x86.Build.0 = Debug|Win32
		{5FFD5EA8-4A80-4660-A172-825A8587C3C5}.Release|x64.ActiveCfg = Release|x64
		{5FFD5EA8-4A80-4660-A172-825A8587C3C5}.Release|x64.Build.0 = Release|x64
		{5FFD5EA8-4A80-4660-A172-825A8587C3C5}.Release|x86.ActiveCfg = Release|Win32
		{5FFD5EA8-4A80-4660-A172-825A8587C3C5}.Release|x86.Build.0 = Release|Win32
		{7DE13E3C-54A4-4B68-96B9-F0CD05F4A22E}.Debug|x64.ActiveCfg = Debug|x64
		{7DE13E3C-54A4-4B68-96B9-F0CD05F4A22E}.Debug|x64.Build.0 = Debug|x64
		{7DE13E3C-54A4-4B68-96B9-F0CD05F4A22E}.Debug|x86.ActiveCfg = Debug|Win32
		{7DE13E3C-54A4-4B68-96B9-F0CD05F4A22E}.Debug|x86.Build.0 = Debug|Win32
		{7DE13E3C-54A4-4B68-96B9-F0CD05F4A22E}.Release|x64.ActiveCfg = Release|x64
		{7DE13E3C-54A4-4B68-96B9-F0CD05F4A22E}.Release|x64.Build.0 = Release|x64
		{7DE13E3C-54A4-4B68-96B9-F0CD05F4A22E}.Release|x86.ActiveCfg = Release|Win32
		{7DE13E3C-54A4-4B68-96B9-F0CD05F4A22E}.Release|x86.Build.0 = Release|Win32
		{52960969-0787-4465-8089-753C3738A4B6}.Debug|x64.ActiveCfg = Debug|x64
		{52960969-0787-4465-8089-753C3738A4B6}.Debug|x64.Build.0 = Debug|x64
		{52960969-0787-4465-8089-753C3738A4B6}.Debug|x86.ActiveCfg = Debug|Win32
		{52960969-0787-4465-8089-753C3738A4B6}.Debug|x86.Build.0 = Debug|Win32
		{52960969-0787-4465-8089-753C3738A4B6}.Release|x64.ActiveCfg = Release|x64
		{52960969-0787-4465-8089-753C3738A4B6}.Release|x64.Build.0 = Release|x64
		{52960969-0787-4465-8089-753C3738A4B6}.Release|x86.ActiveCfg = Release|Win32
		{52960969-0787-4465-8089-753C3738A4B6}.Release|x86.Build.0 = Release|Win32
		{008F7324-87ED-4392-A082-9C3E3FB8E251}.Debug|x64.ActiveCfg = Debug|x64
		{008F7324-87ED-4392-A082-9C3E3FB8E251}.Debug|x64.Build.0 = Debug|x64
		{008F7324-87ED-4392-A082-9C3E3FB8E251}.Debug|x86.ActiveCfg = Debug|Win32
		{008F7324-87ED-4392-A082-9C3E3FB8E251}.Debug|x86.Build.0 = Debug|Win32
		{008F7324-87ED-4392-A082-9C3E3FB8E251}.Release|x64.ActiveCfg = Release|x64
		{008F7324-87ED-4392-A082-9C3E3FB8E251}.Release|x64.Build.0 = Release|x64
		{008F7324-87ED-4392-A082-9C3E3FB8E251}.Release|x86.ActiveCfg = Release|Win32
		{008F7324-87ED-4392-A082-9C3E3FB8E251}.Release|x86.Build.0 = Release|Win32
		{C7EC089E-EB86-4A6D-92E8-FBF55C5EE61D}.Debug|x64.ActiveCfg = Debug|x64
		{C7EC089E-EB86-4A6D-92E8-FBF55C5EE61D}.Debug|x64.Build.0 = Debug|x64
		{C7EC089E-EB86-4A6D-92E8-FBF55C5EE61D}.Debug|x86.ActiveCfg = Debug|Win32
		{C7EC089E-EB86-4A6D-92E8-FBF55C5EE61D}.Debug|x86.Build.0 = Debug|Win32
		{C7EC089E-EB86-4A6D-92E8-FBF55C5EE61D}.Release|x64.ActiveCfg = Release|x64
		{C7EC089E-EB86-4A6D-92E8-FBF55C5EE61D}.Release|x64.Build.0 = Release|x64
		{C7EC089E-EB86-4A6D-92E8-FBF55C5EE61D}.Release|x86.ActiveCfg = Release|Win32
		{C7EC089E-EB86-4A6D-92E8-FBF55C5EE61D}.Release|x86.Build.0 = Release|Win32
		{15FFD986-97C5-487A-A47A-C8C203CB97D1}.Debug|x64.ActiveCfg = Debug|x64
		{15FFD986-97C5-487A-A47A-C8C203CB97D1}.Debug|x64.Build.0 = Debug|x64
		{15FFD986-97C5-487A-A47A-C8C203CB97D1}.Debug|x86.ActiveCfg = Debug|Win32
		{15FFD986-97C5-487A-A47A-C8C203CB97D1}.Debug|x86.Build.0 = Debug|Win32
		{15FFD986-97C5-487A-A47A-C8C203CB97D1}.Release|x64.ActiveCfg = Release|x64
		{15FFD986-97C5-487A-A47A-C8C203CB97D1}.Release|x64.Build.0 = Release|x64
		{15FFD986-97C5-487A-A47A-C8C203CB97D1}.Release|x86.ActiveCfg = Release|Win32
		{15FFD986-97C5-487A-A47A-C8C203CB97D1}.Release|x86.Build.0 = Release|Win32
		{1C366C08-6619-4017-853A-618F40AD7737}.Debug|x64.ActiveCfg = Debug|x64
		{1C366C08-6619-4017-853A-618F40AD7737}.Debug|x64.Build.0 = Debug|x64
		{1C366C08-6619-4017-853A-618F40AD7737}.Debug|x86.ActiveCfg = Debug|Win32
		{1C366C08-6619-4017-853A-618F40AD7737}.Debug|x86.Build.0 = Debug|Win32
		{1C366C08-6619-4017-853A-618F40AD7737}.Release|x64.ActiveCfg = Release|x64
		{1C366C08-6619-4017-853A-618F40AD7737}.Release|x64.Build.0 = Release|x64
		{1C366C08-6619-4017-853A-618F40AD7737}.Release|x86.ActiveCfg = Release|Win32
		{1C366C08-6619-4017-853A-618F40AD7737}.Release|x86.Build.0 = Release|Win32
		{1DFD3ADD-E0BA-4E94-BBF8-EBAA3B5C58D3}.Debug|x64.ActiveCfg = Debug|x64
		{1DFD3ADD-E0BA-4E94-BBF8-EBAA3B5C58D3}.Debug|x64.Build.0 = Debug|x64
		{1DFD3ADD-E0BA-4E94-BBF8-EBAA3B5C58D3}.Debug|x86.ActiveCfg = Debug|Win32
		{1DFD3ADD-E0BA-4E94-BBF8-EBAA3B5C58D3}.Debug|x86.Build.0 = Debug|Win32
		{1DFD3ADD-E0BA-4E94-BBF8-EBAA3B5C58D3}.Release|x64.ActiveCfg = Release|x64
		{1DFD3ADD-E0BA-4E94-BBF8-EBAA3B5C58D3}.Release|x64.Build.0 = Release|x64
		{1DFD3ADD-E0BA-4E94-BBF8-EBAA3B5C58D3}.Release|x86.ActiveCfg = Release|Win32
		{1DFD3ADD-E0BA-4E94-BBF8-EBAA3B5C58D3}.Release|x86.Build.0 = Release|Win32
		{FE6E7DE3-3880-44E4-941A-C1682D15C891}.Debug|x64.ActiveCfg = Debug|x64
		{FE6E7DE3-3880-44E4-941A-C1682D15C891}.Debug|x64.Build.0 = Debug|x64
		{FE6E7DE3-3880-44E4-941A-C1682D15C891}.Debug|x86.ActiveCfg = Debug|Win32
		{FE6E7DE3-3880-44E4-941A-C1682D15C891}.Debug|x86.Build.0 = Debug|Win32
		{FE6E7DE3-3880-44E4-941A-C1682D15C891}.Release|x64.ActiveCfg = Release|x64
		{FE6E7DE3-3880-44E4-941A-C1682D15C891}.Release|x64.Build.0 = Release|x64
		{FE6E7DE3-3880-44E4-941A-C1682D15C891}.Release|x86.ActiveCfg = Release|Win32
		{FE6E7DE3-3880-44E4-941A-C1682D15C891}.Release|x86.Build.0 = Release|Win32
		{F2B1A553-1357-4EFA-8D88-AC5311A22651}.Debug|x64.ActiveCfg = Debug|x64
		{F2B1A553-1357-4EFA-8D88-AC5311A22651}.Debug|x64.Build.0 = Debug|x64
		{F2B1A553-1357-4EFA-8D88-AC5311A22651}.Debug|x86.ActiveCfg = Debug|Win32
		{F2B1A553-1357-4EFA-8D88-AC5311A22651}.Debug|x86.Build.0 = Debug|Win32
		{F2B1A553-1357-4EFA-8D88-AC5311A22651}.Release|x64.ActiveCfg = Release|x64
		{F2B1A553-1357-4EFA-8D88-AC5311A22651}.Release|x64.Build.0 = Release|x64
		{F2B1A553-1357-4EFA-8D88-AC5311A22651}.Release|x86.ActiveCfg = Release|Win32
		{F2B1A553-1357-4EFA-8D88-AC5311A22651}.Release|x86.Build.0 = Release|Win32
		{DD59040E-BDE2-4461-92C7-37E9C11D9023}.Debug|x64.ActiveCfg = Debug|x64
		{DD59040E-BDE2-4461-92C7-37E9C11D9023}.Debug|x64.Build.0 = Debug|x64
		{DD59040E-BDE2-4461-92C7-37E9C11D9023}.Debug|x86.ActiveCfg = Debug|Win32
		{DD59040E-BDE2-4461-92C7-37E9C11D9023}.Debug|x86.Build.0 = Debug|Win32
		{DD59040E-BDE2-4461-92C7-37E9C11D9023}.Release|x64.ActiveCfg = Release|x64
		{DD59040E-BDE2-4461-92C7-37E9C11D9023}.Release|x64.Build.0 = Release|x64
		{DD59040E-BDE2-4461-92C7-37E9C11D9023}.Release|x86.ActiveCfg = Release|Win32
		{DD59040E-BDE2-4461-92C7-37E9C11D9023}.Release|x86.Build.0 = Release|Win32
		{63CED50F-C5EA-4A62-A522-5732FEBF0912}.Debug|x64.ActiveCfg = Debug|x64
		{63CED50F-C5EA-4A62-A522-5732FEBF0912}.Debug|x64.Build.0 = Debug|x64
		{63CED50F-C5EA-4A62-A522-5732FEBF0912}.Debug|x86.ActiveCfg = Debug|Win32
		{63CED50F-C5EA-4A62-A522-5732FEBF0912}.Debug|x86.Build.0 = Debug|Win32
		{63CED50F-C5EA-4A62-A522-5732FEBF0912}.Release|x64.ActiveCfg = Release|x64
		{63CED50F-C5EA-4A62-A522-5732FEBF0912}.Release|x64.Build.0 = Release|x64
		{63CED50F-C5EA-4A62-A522-5732FEBF0912}.Release|x86.ActiveCfg = Release|Win32
		{63CED50F-C5EA-4A62-A522-5732FEBF0912}.Release|x86.Build.0 = Release|Win32
		{B9E4C4B9-9CE2-4B3B-86D9-724818472BC1}.Debug|x64.ActiveCfg = Debug|x64
		{B9E4C4B9-9CE2-4B3B-86D9-724818472BC1}.Debug|x64.Build.0 = Debug|x64
		{B9E4C4B9-9CE2-4B3B-86D9-724818472BC1}.Debug|x86.ActiveCfg = Debug|Win32
		{B9E4C4B9-9CE2-4B3B-86D9-724818472BC1}.Debug|x86.Build.0 = Debug|Win32
		{B9E4C4B9-9CE2-4B3B-86D9-724818472BC1}.Release|x64.ActiveCfg = Release|x64
		{B9E4C4B9-9CE2-4B3B-86D9-724818472BC1}.Release|x64.Build.0 = Release|x64
		{B9E4C4B9-9CE2-4B3B-86D9-724818472BC1}.Release|x86.ActiveCfg = Release|Win32
		{B9E4C4B9-9CE2-4B3B-86D9-724818472BC1}.Release|x86.Build.0 = Release|Win32
		{F2722B94-F50A-4660-962C-C34500C91A7F}.Debug|x64.ActiveCfg = Debug|x64
		{F2722B94-F50A-4660-962C-C34500C91A7F}.Debug|x64.Build.0 = Debug|x64
		{F2722B94-F50A-4660-962C-C34500C91A7F}.Debug|x86.ActiveCfg = Debug|Win32
		{F2722B94-F50A-4660-962C-C34500C91A7F}.Debug|x86.Build.0 = Debug|Win32
		{F2722B94-F50A-4660-962C-C34500C91A7F}.Release|x64.ActiveCfg = Release|x64
		{F2722B94-F50A-4660-962C-C34500C91A7F}.Release|x64.Build.0 = Release|x64
		{F2722B94-F50A-4660-962C-C34500C91A7F}.Release|x86.ActiveCfg = Release|Win32
		{F2722B94-F50A-4660-962C-C34500C91A7F}.Release|x86.Build.0 = Release|Win32
		{88E19F07-CCAE-42D5-8A1D-0984D6E78309}.Debug|x64.ActiveCfg = Debug|x64
		{88E19F07-CCAE-42D5-8A1D-0984D6E78309}.Debug|x64.Build.0 = Debug|x64
		{88E19F07-CCAE-42D5-8A1D-0984D6E78309}.Debug|x86.ActiveCfg = Debug|Win32
		{88E19F07-CCAE-42D5-8A1D-0984D6E78309}.Debug|x86.Build.0 = Debug|Win32
		{88E19F07-CCAE-42D5-8A1D-0984D6E78309}.Release|x64.ActiveCfg = Release|x64
		{88E19F07-CCAE-42D5-8A1D-0984D6E78309}.Release|x64.Build.0 = Release|x64
		{88E19F07-CCAE-42D5-8A1D-0984D6E78309}.Release|x86.ActiveCfg = Release|Win32
		{88E19F07-CCAE-42D5-8A1D-0984D6E78309}.Release|x86.Build.0 = Release|Win32
		{951C106F-9815-4169-B33C-0F94D3898E33}.Debug|x64.ActiveCfg = Debug|x64
		{951C106F-9815-4169-B33C-0F94D3898E33}.Debug|x64.Build.0 = Debug|x64
		{951C106F-9815-4169-B33C-0F94D3898E33}.Debug|x86.ActiveCfg = Debug|Win32
		{951C106F-9815-4169-B33C-0F94D3898E33}.Debug|x86.Build.0 = Debug|Win32
		{951C106F-9815-4169-B33C-0F94D3898E33}.Release|x64.ActiveCfg = Release|x64
		{951C106F-9815-4169-B33C-0F94D3898E33}.Release|x64.Build.0 = Release|x64
		{951C106F-9815-4169-B33C-0F94D3898E33}.Release|x86.ActiveCfg = Release|Win32
		{951C106F-9815-4169-B33C-0F94D3898E33}.Release|x86.Build.0 = Release|Win32
		{918F2635-6979-492A-8F24-D59FC8B244EE}.Debug|x64.ActiveCfg = Debug|x64
		{918F2635-6979-492A-8F24-D59FC8B244EE}.Debug|x64.Build.0 = Debug|x64
		{918F2635-6979-492A-8F24-D59FC8B244EE}.Debug|x86.ActiveCfg = Debug|Win32
		{918F2635-6979-492A-8F24-D59FC8B244EE}.Debug|x86.Build.0 = Debug|Win32
		{918F2635-6979-492A-8F24-D59FC8B244EE}.Release|x64.ActiveCfg = Release|x64
		{918F2635-6979-492A-8F24-D59FC8B244EE}.Release|x64.Build.0 = Release|x64
		{918F2635-6979-492A-8F24-D59FC8B244EE}.Release|x86.ActiveCfg = Release|Win32
		{918F2635-6979-492A-8F24-D59FC8B244EE}.Release|x86.Build.0 = Release|Win32
		{A1D09958-2981-40D8-B20B-0CF7D0C04285}.Debug|x64.ActiveCfg = Debug|x64
		{A1D09958-2981-40D8-B20B-0CF7D0C04285}.Debug|x64.Build.0 = Debug|x64
		{A1D09958-2981-40D8-B20B-0CF7D0C04285}.Debug|x86.ActiveCfg = Debug|Win32
		{A1D09958-2981-40D8-B20B-0CF7D0C04285}.Debug|x86.Build.0 = Debug|Win32
		{A1D09958-2981-40D8-B20B-0CF7D0C04285}.Release|x64.ActiveCfg = Release|x64
		{A1D09958-2981-40D8-B20B-0CF7D0C04285}.Release|x64.Build.0 = Release|x64
		{A1D09958-2981-40D8-B20B-0CF7D0C04285}.Release|x86.ActiveCfg = Release|Win32
		{A1D09958-2981-40D8-B20B-0CF7D0C04285}.Release|x86.Build.0 = Release|Win32
		{AE918504-1E40-4568-9D70-F457FFB95E75}.Debug|x64.ActiveCfg = Debug|x64
		{AE918504-1E40-4568-9D70-F457FFB95E75}.Debug|x64.Build.0 = Debug|x64
		{AE918504-1E40-4568-9D70-F457FFB95E75}.Debug|x86.ActiveCfg = Debug|Win32
		{AE918504-1E40-4568-9D70-F457FFB95E75}.Debug|x86.Build.0 = Debug|Win32
		{AE918504-1E40-4568-9D70-F457FFB95E75}.Release|x64.ActiveCfg = Release|x64
		{AE918504-1E40-4568-9D70-F457FFB95E75}.Release|x64.Build.0 = Release|x64
		{AE918504-1E40-4568-9D70-F457FFB95E75}.Release|x86.ActiveCfg = Release|Win32
		{AE918504-1E40-4568-9D70-F457FFB95E75}.Release|x86.Build.0 = Release|Win32
		{A895FE67-7F0B-4447-BAAE-3A663C20BF5A}.Debug|x64.ActiveCfg = Debug|x64
		{A895FE67-7F0B-4447-BAAE-3A663C20BF5A}.Debug|x64.Build.0 = Debug|x64
		{A895FE67-7F0B-4447-BAAE-3A663C20BF5A}.Debug|x86.ActiveCfg = Debug|Win32
		{A895FE67-7F0B-4447-BAAE-3A663C20BF5A}.Debug|x86.Build.0 = Debug|Win32
		{A895FE67-7F0B-4447-BAAE-3A663C20BF5A}.Release|x64.ActiveCfg = Release|x64
		{A895FE67-7F0B-4447-BAAE-3A663C20BF5A}.Release|x64.Build.0 = Release|x64
		{A895FE67-7F0B-4447-BAAE-3A663C20BF5A}.Release|x86.ActiveCfg = Release|Win32
		{A895FE67-7F0B-4447-BAAE-3A663C20BF5A}.Release|x86.Build.0 = Release|Win32
		{4A7C8F44-FAB8-4F54-9453-6922321147F5}.Debug|x64.ActiveCfg = Debug|x64
		{4A7C8F44-FAB8-4F54-9453-6922321147F5}.Debug|x64.Build.0 = Debug|x64
		{4A7C8F44-FAB8-4F54-9453-6922321147F5}.Debug|x86.ActiveCfg = Debug|Win32
		{4A7C8F44-FAB8-4F54-9453-6922321147F5}.Debug|x86.Build.0 = Debug|Win32
		{4A7C8F44-FAB8-4F54-9453-6922321147F5}.Release|x64.ActiveCfg = Release|x64
		{4A7C8F44-FAB8-4F54-9453-6922321147F5}.Release|x64.Build.0 = Release|x64
		{4A7C8F44-FAB8-4F54-9453-6922321147F5}.Release|x86.ActiveCfg = Release|Win32
		{4A7C8F44-FAB8-4F54-9453-6922321147F5}.Release|x86.Build.0 = Release|Win32
		{8BE342A0-2240-4292-A84C-FA26FE3FC1A5}.Debug|x64.ActiveCfg = Debug|x64
		{8BE342A0-2240-4292-A84C-FA26FE3FC1A5}.Debug|x64.Build.0 = Debug|x64
		{8BE342A0-2240-4292-A84C-FA26FE3FC1A5}.Debug|x86.ActiveCfg = Debug|Win32
		{8BE342A0-2240-4292-A84C-FA26FE3FC1A5}.Debug|x86.Build.0 = Debug|Win32
		{8BE342A0-2240-4292-A84C-FA26FE3FC1A5}.Release|x64.ActiveCfg = Release|x64
		{8BE342A0-2240-4292-A84C-FA26FE3FC1A5}.Release|x64.Build.0 = Release|x64
		{8BE342A0-2240-4292-A84C-FA26FE3FC1A5}.Release|x86.ActiveCfg = Release|Win32
		{8BE342A0-2240-4292-A84C-FA26FE3FC1A5}.Release|x86.Build.0 = Release|Win32
		{9B39A6B7-13B2-4180-8B7B-7C33A88DCCD2}.Debug|x64.ActiveCfg = Debug|x64
		{9B39A6B7-13B2-4180-8B7B-7C33A88DCCD2}.Debug|x64.Build.0 = Debug|x64
		{9B39A6B7-13B2-4180-8B7B-7C33A88DCCD2}.Debug|x86.ActiveCfg = Debug|Win32
		{9B39A6B7-13B2-4180-8B7B-7C33A88DCCD2}.Debug|x86.Build.0 = Debug|Win32
		{9B39A6B7-13B2-4180-8B7B-7C33A88DCCD2}.Release|x64.ActiveCfg = Release|x64
		{9B39A6B7-13B2-4180-8B7B-7C33A88DCCD2}.Release|x64.Build.0 = Release|x64
		{9B39A6B7-13B2-4180-8B7B-7C33A88DCCD2}.Release|x86.ActiveCfg = Release|Win32
		{9B39A6B7-13B2-4180-8B7B-7C33A88DCCD2}.Release|x86.Build.0 = Release|Win32
		{16E7CF19-8060-4E49-B8C0-F71F45371E9A}.Debug|x64.ActiveCfg = Debug|x64
		{16E7CF19-8060-4E49-B8C0-F71F45371E9A}.Debug|x64.Build.0 = Debug|x64
		{16E7CF19-8060-4E49-B8C0-F71F45371E9A}.Debug|x86.ActiveCfg = Debug|Win32
		{16E7CF19-8060-4E49-B8C0-F71F45371E9A}.Debug|x86.Build.0 = Debug|Win32
		{16E7CF19-8060-4E49-B8C0-F71F45371E9A}.Release|x64.ActiveCfg = Release|x64
		{16E7CF19-8060-4E49-B8C0-F71F45371E9A}.Release|x64.Build.0 = Release|x64
		{16E7CF19-8060-4E49-B8C0-F71F45371E9A}.Release|x86.ActiveCfg = Release|Win32
		{16E7CF19-8060-4E49-B8C0-F71F45371E9A}.Release|x86.Build.0 = Release|Win32
		{FE1024F4-062B-4541-A3DE-3076301BA957}.Debug|x64.ActiveCfg = Debug|x64
		{FE1024F4-062B-4541-A3DE-3076301BA957}.Debug|x64.Build.0 = Debug|x64
		{FE1024F4-062B-4541-A3DE-3076301BA957}.Debug|x86.ActiveCfg = Debug|Win32
		{FE1024F4-062B-4541-A3DE-3076301BA957}.Debug|x86.Build.0 = Debug|Win32
		{FE1024F4-062B-4541-A3DE-3076301BA957}.Release|x64.ActiveCfg = Release|x64
		{FE1024F4-062B-4541-A3DE-3076301BA957}.Release|x64.Build.0 = Release|x64
		{FE1024F4-062B-4541-A3DE-3076301BA957}.Release|x86.ActiveCfg = Release|Win32
		{FE1024F4-062B-4541-A3DE-3076301BA957}.Release|x86.Build.0 = Release|Win32
		{F086728D-07E3-4949-9210-F082AC54CB47}.Debug|x64.ActiveCfg = Debug|x64
		{F086728D-07E3-4949-9210-F082AC54CB47}.Debug|x64.Build.0 = Debug|x64
		{F086728D-07E3-4949-9210-F082AC54CB47}.Debug|x86.ActiveCfg = Debug|Win32
		{F086728D-07E3-4949-9210-F082AC54CB47}.Debug|x86.Build.0 = Debug|Win32
		{F086728D-07E3-4949-9210-F082AC54CB47}.Release|x64.ActiveCfg = Release|x64
		{F086728D-07E3-4949-9210-F082AC54CB47}.Release|x64.Build.0 = Release|x64
		{F086728D-07E3-4949-9210-F082AC54CB47}.Release|x86.ActiveCfg = Release|Win32
		{F086728D-07E3-4949-9210-F082AC54CB47}.Release|x86.Build.0 = Release|Win32
		{58D697BC-DE80-45AE-A8FA-33D58211A94C}.Debug|x64.ActiveCfg = Debug|x64
		{58D697BC-DE80-45AE-A8FA-33D58211A94C}.Debug|x64.Build.0 = Debug|x64
		{58D697BC-DE80-45AE-A8FA-33D58211A94C}.Debug|x86.ActiveCfg = Debug|Win32
		{58D697BC-DE80-45AE-A8FA-33D58211A94C}.Debug|x86.Build.0 = Debug|Win32
		{58D697BC-DE80-45AE-A8FA-33D58211A94C}.Release|x64.ActiveCfg = Release|x64
		{58D697BC-DE80-45AE-A8FA-33D58211A94C}.Release|x64.Build.0 = Release|x64
		{58D697BC-DE80-45AE-A8FA-33D58211A94C}.Release|x86.ActiveCfg = Release|Win32
		{58D697BC-DE80-45AE-A8FA-33D58211A94C}.Release|x86.Build.0 = Release|Win32
		{08595961-C85D-4170-A28D-B4AA945BFE5E}.Debug|x64.ActiveCfg = Debug|x64
		{08595961-C85D-4170-A28D-B4AA945BFE5E}.Debug|x64.Build.0 = Debug|x64
		{08595961-C85D-4170-A28D-B4AA945BFE5E}.Debug|x86.ActiveCfg = Debug|Win32
		{08595961-C85D-4170-A28D-B4AA945BFE5E}.Debug|x86.Build.0 = Debug|Win32
		{08595961-C85D-4170-A28D-B4AA945BFE5E}.Release|x64.ActiveCfg = Release|x64
		{08595961-C85D-4170-A28D-B4AA945BFE5E}.Release|x64.Build.0 = Release|x64
		{08595961-C85D-4170-A28D-B4AA945BFE5E}.Release|x86.ActiveCfg = Release|Win32
		{08595961-C85D-4170-A28D-B4AA945BFE5E}.Release|x86.Build.0 = Release|Win32
		{1CC1C992-AB21-4E19-858B-29AE84614D79}.Debug|x64.ActiveCfg = Debug|x64
		{1CC1C992-AB21-4E19-858B-29AE84614D79}.Debug|x64.Build.0 = Debug|x64
		{1CC1C992-AB21-4E19-858B-29AE84614D79}.Debug|x86.ActiveCfg = Debug|Win32
		{1CC1C992-AB21-4E19-858B-29AE84614D79}.Debug|x86.Build.0 = Debug|Win32
		{1CC1C992-AB21-4E19-858B-29AE84614D79}.Release|x64.ActiveCfg = Release|x64
		{1CC1C992-AB21-4E19-858B-29AE84614D79}.Release|x64.Build.0 = Release|x64
		{1CC1C992-AB21-4E19-858B-29AE84614D79}.Release|x86.ActiveCfg = Release|Win32
		{1CC1C992-AB21-4E19-858B-29AE84614D79}.Release|x86.Build.0 = Release|Win32
		{72431FA5-FE97-4014-9978-095E68BE54E0}.Debug|x64.ActiveCfg = Debug|x64
		{72431FA5-FE97-4014-9978-095E68BE54E0}.Debug|x64.Build.0 = Debug|x64
		{72431FA5-FE97-4014-9978-095E68BE54E0}.Debug|x86.ActiveCfg = Debug|Win32
		{72431FA5-FE97-4014-9978-095E68BE54E0}.Debug|x86.Build.0 = Debug|Win32
		{72431FA5-FE97-4014-9978-095E68BE54E0}.Release|x64.ActiveCfg = Release|x64
		{72431FA5-FE97-4014-9978-095E68BE54E0}.Release|x64.Build.0 = Release|x64
		{72431FA5-FE97-4014-9978-095E68BE54E0}.Release|x86.ActiveCfg = Release|Win32
		{72431FA5-FE97-4014-9978-095E68BE54E0}.Release|x86.Build.0 = Release|Win32
		{1278FD0B-5D93-480F-B072-ED736634E864}.Debug|x64.ActiveCfg = Debug|x64
		{1278FD0B-5D93-480F-B072-ED736634E864}.Debug|x64.Build.0 = Debug|x64
		{1278FD0B-5D93-480F-B072-ED736634E864}.Debug|x86.ActiveCfg = Debug|Win32
		{1278FD0B-5D93-480F-B072-ED736634E864}.Debug|x86.Build.0 = Debug|Win32
		{1278FD0B-5D93-480F-B072-ED736634E864}.Release|x64.ActiveCfg = Release|x64
		{1278FD0B-5D93-480F-B072-ED736634E864}.Release|x64.Build.0 = Release|x64
		{1278FD0B-5D93-480F-B072-ED736634E864}.Release|x86.ActiveCfg = Release|Win32
		{1278FD0B-5D93-480F-B072-ED736634E864}.Release|x86.Build.0 = Release|Win32
	EndGlobalSection
	GlobalSection(SolutionProperties) = preSolution
		HideSolutionNode = FALSE
	EndGlobalSection
	GlobalSection(ExtensibilityGlobals) = postSolution
		SolutionGuid = {73E6E394-FB8A-467E-AE1F-612CB9CFE80A}
	EndGlobalSection
EndGlobal
